
Microsoft Visual Studio Solution File, Format Version 12.00
# Visual Studio Version 17
VisualStudioVersion = 17.14.36518.9 d17.14
MinimumVisualStudioVersion = 10.0.40219.1
Project("{FAE04EC0-301F-11D3-BF4B-00C04F79EFBC}") = "QuizBattle-Codealong", "QuizBattle-Codealong\QuizBattle-Codealong.csproj", "{B4F339CE-5319-460E-85F3-92E61040F5AA}"
EndProject
Project("{2150E333-8FDC-42A3-9474-1A3956D46DE8}") = "docs", "docs", "{02EA681E-C7D8-13C7-8484-4AC65E1B71E8}"
	ProjectSection(SolutionItems) = preProject
		TODO.txt = TODO.txt
	EndProjectSection
EndProject
Project("{FAE04EC0-301F-11D3-BF4B-00C04F79EFBC}") = "QuizBatlle.Domain", "QuizBatlle.Domain\QuizBatlle.Domain.csproj", "{0C17D975-9807-4346-B5E5-64AC42E098E0}"
EndProject
Global
	GlobalSection(SolutionConfigurationPlatforms) = preSolution
		Debug|Any CPU = Debug|Any CPU
		Release|Any CPU = Release|Any CPU
	EndGlobalSection
	GlobalSection(ProjectConfigurationPlatforms) = postSolution
		{B4F339CE-5319-460E-85F3-92E61040F5AA}.Debug|Any CPU.ActiveCfg = Debug|Any CPU
		{B4F339CE-5319-460E-85F3-92E61040F5AA}.Debug|Any CPU.Build.0 = Debug|Any CPU
		{B4F339CE-5319-460E-85F3-92E61040F5AA}.Release|Any CPU.ActiveCfg = Release|Any CPU
		{B4F339CE-5319-460E-85F3-92E61040F5AA}.Release|Any CPU.Build.0 = Release|Any CPU
		{0C17D975-9807-4346-B5E5-64AC42E098E0}.Debug|Any CPU.ActiveCfg = Debug|Any CPU
		{0C17D975-9807-4346-B5E5-64AC42E098E0}.Debug|Any CPU.Build.0 = Debug|Any CPU
		{0C17D975-9807-4346-B5E5-64AC42E098E0}.Release|Any CPU.ActiveCfg = Release|Any CPU
		{0C17D975-9807-4346-B5E5-64AC42E098E0}.Release|Any CPU.Build.0 = Release|Any CPU
	EndGlobalSection
	GlobalSection(SolutionProperties) = preSolution
		HideSolutionNode = FALSE
	EndGlobalSection
	GlobalSection(ExtensibilityGlobals) = postSolution
		SolutionGuid = {60F8AA19-23ED-4275-BFD0-0FA34C0AD2D7}
	EndGlobalSection
EndGlobal
